
Microsoft Visual Studio Solution File, Format Version 12.00
# Visual Studio Version 17
VisualStudioVersion = 17.7.34031.279
MinimumVisualStudioVersion = 10.0.40219.1
Project("{FAE04EC0-301F-11D3-BF4B-00C04F79EFBC}") = "ApiWebCSharp", "ApiWebCSharp.csproj", "{53A0ADF0-6026-4668-BEC9-76E370A68E85}"
EndProject
Global
	GlobalSection(SolutionConfigurationPlatforms) = preSolution
		Debug|Any CPU = Debug|Any CPU
		Release|Any CPU = Release|Any CPU
	EndGlobalSection
	GlobalSection(ProjectConfigurationPlatforms) = postSolution
		{53A0ADF0-6026-4668-BEC9-76E370A68E85}.Debug|Any CPU.ActiveCfg = Debug|Any CPU
		{53A0ADF0-6026-4668-BEC9-76E370A68E85}.Debug|Any CPU.Build.0 = Debug|Any CPU
		{53A0ADF0-6026-4668-BEC9-76E370A68E85}.Release|Any CPU.ActiveCfg = Release|Any CPU
		{53A0ADF0-6026-4668-BEC9-76E370A68E85}.Release|Any CPU.Build.0 = Release|Any CPU
	EndGlobalSection
	GlobalSection(SolutionProperties) = preSolution
		HideSolutionNode = FALSE
	EndGlobalSection
	GlobalSection(ExtensibilityGlobals) = postSolution
		SolutionGuid = {3BE3D036-5113-4C55-90C2-1C1925BB81D4}
	EndGlobalSection
EndGlobal
